
Microsoft Visual Studio Solution File, Format Version 11.00
# Visual C++ Express 2010
Project("{8BC9CEB8-8B4A-11D0-8D11-00A0C91BC942}") = "Const", "Const\Const.vcxproj", "{B2D58E3D-52B8-4D0D-BF6C-10A275E1912D}"
EndProject
Global
	GlobalSection(SolutionConfigurationPlatforms) = preSolution
		Debug|Win32 = Debug|Win32
		Release|Win32 = Release|Win32
	EndGlobalSection
	GlobalSection(ProjectConfigurationPlatforms) = postSolution
		{B2D58E3D-52B8-4D0D-BF6C-10A275E1912D}.Debug|Win32.ActiveCfg = Debug|Win32
		{B2D58E3D-52B8-4D0D-BF6C-10A275E1912D}.Debug|Win32.Build.0 = Debug|Win32
		{B2D58E3D-52B8-4D0D-BF6C-10A275E1912D}.Release|Win32.ActiveCfg = Release|Win32
		{B2D58E3D-52B8-4D0D-BF6C-10A275E1912D}.Release|Win32.Build.0 = Release|Win32
	EndGlobalSection
	GlobalSection(SolutionProperties) = preSolution
		HideSolutionNode = FALSE
	EndGlobalSection
EndGlobal
